
Microsoft Visual Studio Solution File, Format Version 12.00
# Visual Studio Version 16
VisualStudioVersion = 16.0.30523.141
MinimumVisualStudioVersion = 10.0.40219.1
Project("{FAE04EC0-301F-11D3-BF4B-00C04F79EFBC}") = "ClothBazar.Web", "ClothBazar.Web\ClothBazar.Web.csproj", "{4214CD48-F44D-4273-919E-4E3E9131652A}"
EndProject
Project("{FAE04EC0-301F-11D3-BF4B-00C04F79EFBC}") = "ClothBazar.Entities", "ClothBazar.Entities\ClothBazar.Entities.csproj", "{9E96F0FC-A5F7-4008-B753-EB7DB95DD32C}"
EndProject
Project("{FAE04EC0-301F-11D3-BF4B-00C04F79EFBC}") = "ClothBazar.Database", "ClothBazar.Database\ClothBazar.Database.csproj", "{021BAE89-8E73-4DB0-A3AD-310C33C82E05}"
EndProject
Global
	GlobalSection(SolutionConfigurationPlatforms) = preSolution
		Debug|Any CPU = Debug|Any CPU
		Release|Any CPU = Release|Any CPU
	EndGlobalSection
	GlobalSection(ProjectConfigurationPlatforms) = postSolution
		{4214CD48-F44D-4273-919E-4E3E9131652A}.Debug|Any CPU.ActiveCfg = Debug|Any CPU
		{4214CD48-F44D-4273-919E-4E3E9131652A}.Debug|Any CPU.Build.0 = Debug|Any CPU
		{4214CD48-F44D-4273-919E-4E3E9131652A}.Release|Any CPU.ActiveCfg = Release|Any CPU
		{4214CD48-F44D-4273-919E-4E3E9131652A}.Release|Any CPU.Build.0 = Release|Any CPU
		{9E96F0FC-A5F7-4008-B753-EB7DB95DD32C}.Debug|Any CPU.ActiveCfg = Debug|Any CPU
		{9E96F0FC-A5F7-4008-B753-EB7DB95DD32C}.Debug|Any CPU.Build.0 = Debug|Any CPU
		{9E96F0FC-A5F7-4008-B753-EB7DB95DD32C}.Release|Any CPU.ActiveCfg = Release|Any CPU
		{9E96F0FC-A5F7-4008-B753-EB7DB95DD32C}.Release|Any CPU.Build.0 = Release|Any CPU
		{021BAE89-8E73-4DB0-A3AD-310C33C82E05}.Debug|Any CPU.ActiveCfg = Debug|Any CPU
		{021BAE89-8E73-4DB0-A3AD-310C33C82E05}.Debug|Any CPU.Build.0 = Debug|Any CPU
		{021BAE89-8E73-4DB0-A3AD-310C33C82E05}.Release|Any CPU.ActiveCfg = Release|Any CPU
		{021BAE89-8E73-4DB0-A3AD-310C33C82E05}.Release|Any CPU.Build.0 = Release|Any CPU
	EndGlobalSection
	GlobalSection(SolutionProperties) = preSolution
		HideSolutionNode = FALSE
	EndGlobalSection
	GlobalSection(ExtensibilityGlobals) = postSolution
		SolutionGuid = {CDB60CBA-4720-42AE-A771-A4F42BB23B36}
	EndGlobalSection
EndGlobal
